// !$*UTF8*$!
{
	archiveVersion = 1;
	classes = {
	};
	objectVersion = 56;
	objects = {

/* Begin PBXBuildFile section */
		41F4D58C29972B4300328311 /* AppDelegate.swift in Sources */ = {isa = PBXBuildFile; fileRef = 41F4D58B29972B4300328311 /* AppDelegate.swift */; };
		41F4D58E29972B4300328311 /* SceneDelegate.swift in Sources */ = {isa = PBXBuildFile; fileRef = 41F4D58D29972B4300328311 /* SceneDelegate.swift */; };
		41F4D59029972B4300328311 /* ViewController.swift in Sources */ = {isa = PBXBuildFile; fileRef = 41F4D58F29972B4300328311 /* ViewController.swift */; };
		41F4D59329972B4300328311 /* Main.storyboard in Resources */ = {isa = PBXBuildFile; fileRef = 41F4D59129972B4300328311 /* Main.storyboard */; };
		41F4D59629972B4300328311 /* testNoStory.xcdatamodeld in Sources */ = {isa = PBXBuildFile; fileRef = 41F4D59429972B4300328311 /* testNoStory.xcdatamodeld */; };
		41F4D59829972B4500328311 /* Assets.xcassets in Resources */ = {isa = PBXBuildFile; fileRef = 41F4D59729972B4500328311 /* Assets.xcassets */; };
		41F4D59B29972B4500328311 /* LaunchScreen.storyboard in Resources */ = {isa = PBXBuildFile; fileRef = 41F4D59929972B4500328311 /* LaunchScreen.storyboard */; };
		41F4D5A629972B4500328311 /* testNoStoryTests.swift in Sources */ = {isa = PBXBuildFile; fileRef = 41F4D5A529972B4500328311 /* testNoStoryTests.swift */; };
		41F4D5B029972B4500328311 /* testNoStoryUITests.swift in Sources */ = {isa = PBXBuildFile; fileRef = 41F4D5AF29972B4500328311 /* testNoStoryUITests.swift */; };
		41F4D5B229972B4500328311 /* testNoStoryUITestsLaunchTests.swift in Sources */ = {isa = PBXBuildFile; fileRef = 41F4D5B129972B4500328311 /* testNoStoryUITestsLaunchTests.swift */; };
/* End PBXBuildFile section */

/* Begin PBXContainerItemProxy section */
		41F4D5A229972B4500328311 /* PBXContainerItemProxy */ = {
			isa = PBXContainerItemProxy;
			containerPortal = 41F4D58029972B4200328311 /* Project object */;
			proxyType = 1;
			remoteGlobalIDString = 41F4D58729972B4200328311;
			remoteInfo = testNoStory;
		};
		41F4D5AC29972B4500328311 /* PBXContainerItemProxy */ = {
			isa = PBXContainerItemProxy;
			containerPortal = 41F4D58029972B4200328311 /* Project object */;
			proxyType = 1;
			remoteGlobalIDString = 41F4D58729972B4200328311;
			remoteInfo = testNoStory;
		};
/* End PBXContainerItemProxy section */

/* Begin PBXFileReference section */
		41F4D58829972B4300328311 /* testNoStory.app */ = {isa = PBXFileReference; explicitFileType = wrapper.application; includeInIndex = 0; path = testNoStory.app; sourceTree = BUILT_PRODUCTS_DIR; };
		41F4D58B29972B4300328311 /* AppDelegate.swift */ = {isa = PBXFileReference; lastKnownFileType = sourcecode.swift; path = AppDelegate.swift; sourceTree = "<group>"; };
		41F4D58D29972B4300328311 /* SceneDelegate.swift */ = {isa = PBXFileReference; lastKnownFileType = sourcecode.swift; path = SceneDelegate.swift; sourceTree = "<group>"; };
		41F4D58F29972B4300328311 /* ViewController.swift */ = {isa = PBXFileReference; lastKnownFileType = sourcecode.swift; path = ViewController.swift; sourceTree = "<group>"; };
		41F4D59229972B4300328311 /* Base */ = {isa = PBXFileReference; lastKnownFileType = file.storyboard; name = Base; path = Base.lproj/Main.storyboard; sourceTree = "<group>"; };
		41F4D59529972B4300328311 /* testNoStory.xcdatamodel */ = {isa = PBXFileReference; lastKnownFileType = wrapper.xcdatamodel; path = testNoStory.xcdatamodel; sourceTree = "<group>"; };
		41F4D59729972B4500328311 /* Assets.xcassets */ = {isa = PBXFileReference; lastKnownFileType = folder.assetcatalog; path = Assets.xcassets; sourceTree = "<group>"; };
		41F4D59A29972B4500328311 /* Base */ = {isa = PBXFileReference; lastKnownFileType = file.storyboard; name = Base; path = Base.lproj/LaunchScreen.storyboard; sourceTree = "<group>"; };
		41F4D59C29972B4500328311 /* Info.plist */ = {isa = PBXFileReference; lastKnownFileType = text.plist.xml; path = Info.plist; sourceTree = "<group>"; };
		41F4D5A129972B4500328311 /* testNoStoryTests.xctest */ = {isa = PBXFileReference; explicitFileType = wrapper.cfbundle; includeInIndex = 0; path = testNoStoryTests.xctest; sourceTree = BUILT_PRODUCTS_DIR; };
		41F4D5A529972B4500328311 /* testNoStoryTests.swift */ = {isa = PBXFileReference; lastKnownFileType = sourcecode.swift; path = testNoStoryTests.swift; sourceTree = "<group>"; };
		41F4D5AB29972B4500328311 /* testNoStoryUITests.xctest */ = {isa = PBXFileReference; explicitFileType = wrapper.cfbundle; includeInIndex = 0; path = testNoStoryUITests.xctest; sourceTree = BUILT_PRODUCTS_DIR; };
		41F4D5AF29972B4500328311 /* testNoStoryUITests.swift */ = {isa = PBXFileReference; lastKnownFileType = sourcecode.swift; path = testNoStoryUITests.swift; sourceTree = "<group>"; };
		41F4D5B129972B4500328311 /* testNoStoryUITestsLaunchTests.swift */ = {isa = PBXFileReference; lastKnownFileType = sourcecode.swift; path = testNoStoryUITestsLaunchTests.swift; sourceTree = "<group>"; };
/* End PBXFileReference section */

/* Begin PBXFrameworksBuildPhase section */
		41F4D58529972B4200328311 /* Frameworks */ = {
			isa = PBXFrameworksBuildPhase;
			buildActionMask = 2147483647;
			files = (
			);
			runOnlyForDeploymentPostprocessing = 0;
		};
		41F4D59E29972B4500328311 /* Frameworks */ = {
			isa = PBXFrameworksBuildPhase;
			buildActionMask = 2147483647;
			files = (
			);
			runOnlyForDeploymentPostprocessing = 0;
		};
		41F4D5A829972B4500328311 /* Frameworks */ = {
			isa = PBXFrameworksBuildPhase;
			buildActionMask = 2147483647;
			files = (
			);
			runOnlyForDeploymentPostprocessing = 0;
		};
/* End PBXFrameworksBuildPhase section */

/* Begin PBXGroup section */
		41F4D57F29972B4200328311 = {
			isa = PBXGroup;
			children = (
				41F4D58A29972B4300328311 /* testNoStory */,
				41F4D5A429972B4500328311 /* testNoStoryTests */,
				41F4D5AE29972B4500328311 /* testNoStoryUITests */,
				41F4D58929972B4300328311 /* Products */,
			);
			sourceTree = "<group>";
		};
		41F4D58929972B4300328311 /* Products */ = {
			isa = PBXGroup;
			children = (
				41F4D58829972B4300328311 /* testNoStory.app */,
				41F4D5A129972B4500328311 /* testNoStoryTests.xctest */,
				41F4D5AB29972B4500328311 /* testNoStoryUITests.xctest */,
			);
			name = Products;
			sourceTree = "<group>";
		};
		41F4D58A29972B4300328311 /* testNoStory */ = {
			isa = PBXGroup;
			children = (
				41F4D58B29972B4300328311 /* AppDelegate.swift */,
				41F4D58D29972B4300328311 /* SceneDelegate.swift */,
				41F4D58F29972B4300328311 /* ViewController.swift */,
				41F4D59129972B4300328311 /* Main.storyboard */,
				41F4D59729972B4500328311 /* Assets.xcassets */,
				41F4D59929972B4500328311 /* LaunchScreen.storyboard */,
				41F4D59C29972B4500328311 /* Info.plist */,
				41F4D59429972B4300328311 /* testNoStory.xcdatamodeld */,
			);
			path = testNoStory;
			sourceTree = "<group>";
		};
		41F4D5A429972B4500328311 /* testNoStoryTests */ = {
			isa = PBXGroup;
			children = (
				41F4D5A529972B4500328311 /* testNoStoryTests.swift */,
			);
			path = testNoStoryTests;
			sourceTree = "<group>";
		};
		41F4D5AE29972B4500328311 /* testNoStoryUITests */ = {
			isa = PBXGroup;
			children = (
				41F4D5AF29972B4500328311 /* testNoStoryUITests.swift */,
				41F4D5B129972B4500328311 /* testNoStoryUITestsLaunchTests.swift */,
			);
			path = testNoStoryUITests;
			sourceTree = "<group>";
		};
/* End PBXGroup section */

/* Begin PBXNativeTarget section */
		41F4D58729972B4200328311 /* testNoStory */ = {
			isa = PBXNativeTarget;
			buildConfigurationList = 41F4D5B529972B4500328311 /* Build configuration list for PBXNativeTarget "testNoStory" */;
			buildPhases = (
				41F4D58429972B4200328311 /* Sources */,
				41F4D58529972B4200328311 /* Frameworks */,
				41F4D58629972B4200328311 /* Resources */,
			);
			buildRules = (
			);
			dependencies = (
			);
			name = testNoStory;
			productName = testNoStory;
			productReference = 41F4D58829972B4300328311 /* testNoStory.app */;
			productType = "com.apple.product-type.application";
		};
		41F4D5A029972B4500328311 /* testNoStoryTests */ = {
			isa = PBXNativeTarget;
			buildConfigurationList = 41F4D5B829972B4500328311 /* Build configuration list for PBXNativeTarget "testNoStoryTests" */;
			buildPhases = (
				41F4D59D29972B4500328311 /* Sources */,
				41F4D59E29972B4500328311 /* Frameworks */,
				41F4D59F29972B4500328311 /* Resources */,
			);
			buildRules = (
			);
			dependencies = (
				41F4D5A329972B4500328311 /* PBXTargetDependency */,
			);
			name = testNoStoryTests;
			productName = testNoStoryTests;
			productReference = 41F4D5A129972B4500328311 /* testNoStoryTests.xctest */;
			productType = "com.apple.product-type.bundle.unit-test";
		};
		41F4D5AA29972B4500328311 /* testNoStoryUITests */ = {
			isa = PBXNativeTarget;
			buildConfigurationList = 41F4D5BB29972B4500328311 /* Build configuration list for PBXNativeTarget "testNoStoryUITests" */;
			buildPhases = (
				41F4D5A729972B4500328311 /* Sources */,
				41F4D5A829972B4500328311 /* Frameworks */,
				41F4D5A929972B4500328311 /* Resources */,
			);
			buildRules = (
			);
			dependencies = (
				41F4D5AD29972B4500328311 /* PBXTargetDependency */,
			);
			name = testNoStoryUITests;
			productName = testNoStoryUITests;
			productReference = 41F4D5AB29972B4500328311 /* testNoStoryUITests.xctest */;
			productType = "com.apple.product-type.bundle.ui-testing";
		};
/* End PBXNativeTarget section */

/* Begin PBXProject section */
		41F4D58029972B4200328311 /* Project object */ = {
			isa = PBXProject;
			attributes = {
				BuildIndependentTargetsInParallel = 1;
				LastSwiftUpdateCheck = 1420;
				LastUpgradeCheck = 1420;
				TargetAttributes = {
					41F4D58729972B4200328311 = {
						CreatedOnToolsVersion = 14.2;
					};
					41F4D5A029972B4500328311 = {
						CreatedOnToolsVersion = 14.2;
						TestTargetID = 41F4D58729972B4200328311;
					};
					41F4D5AA29972B4500328311 = {
						CreatedOnToolsVersion = 14.2;
						TestTargetID = 41F4D58729972B4200328311;
					};
				};
			};
			buildConfigurationList = 41F4D58329972B4200328311 /* Build configuration list for PBXProject "testNoStory" */;
			compatibilityVersion = "Xcode 14.0";
			developmentRegion = en;
			hasScannedForEncodings = 0;
			knownRegions = (
				en,
				Base,
			);
			mainGroup = 41F4D57F29972B4200328311;
			productRefGroup = 41F4D58929972B4300328311 /* Products */;
			projectDirPath = "";
			projectRoot = "";
			targets = (
				41F4D58729972B4200328311 /* testNoStory */,
				41F4D5A029972B4500328311 /* testNoStoryTests */,
				41F4D5AA29972B4500328311 /* testNoStoryUITests */,
			);
		};
/* End PBXProject section */

/* Begin PBXResourcesBuildPhase section */
		41F4D58629972B4200328311 /* Resources */ = {
			isa = PBXResourcesBuildPhase;
			buildActionMask = 2147483647;
			files = (
				41F4D59B29972B4500328311 /* LaunchScreen.storyboard in Resources */,
				41F4D59829972B4500328311 /* Assets.xcassets in Resources */,
				41F4D59329972B4300328311 /* Main.storyboard in Resources */,
			);
			runOnlyForDeploymentPostprocessing = 0;
		};
		41F4D59F29972B4500328311 /* Resources */ = {
			isa = PBXResourcesBuildPhase;
			buildActionMask = 2147483647;
			files = (
			);
			runOnlyForDeploymentPostprocessing = 0;
		};
		41F4D5A929972B4500328311 /* Resources */ = {
			isa = PBXResourcesBuildPhase;
			buildActionMask = 2147483647;
			files = (
			);
			runOnlyForDeploymentPostprocessing = 0;
		};
/* End PBXResourcesBuildPhase section */

/* Begin PBXSourcesBuildPhase section */
		41F4D58429972B4200328311 /* Sources */ = {
			isa = PBXSourcesBuildPhase;
			buildActionMask = 2147483647;
			files = (
				41F4D59029972B4300328311 /* ViewController.swift in Sources */,
				41F4D58C29972B4300328311 /* AppDelegate.swift in Sources */,
				41F4D59629972B4300328311 /* testNoStory.xcdatamodeld in Sources */,
				41F4D58E29972B4300328311 /* SceneDelegate.swift in Sources */,
			);
			runOnlyForDeploymentPostprocessing = 0;
		};
		41F4D59D29972B4500328311 /* Sources */ = {
			isa = PBXSourcesBuildPhase;
			buildActionMask = 2147483647;
			files = (
				41F4D5A629972B4500328311 /* testNoStoryTests.swift in Sources */,
			);
			runOnlyForDeploymentPostprocessing = 0;
		};
		41F4D5A729972B4500328311 /* Sources */ = {
			isa = PBXSourcesBuildPhase;
			buildActionMask = 2147483647;
			files = (
				41F4D5B029972B4500328311 /* testNoStoryUITests.swift in Sources */,
				41F4D5B229972B4500328311 /* testNoStoryUITestsLaunchTests.swift in Sources */,
			);
			runOnlyForDeploymentPostprocessing = 0;
		};
/* End PBXSourcesBuildPhase section */

/* Begin PBXTargetDependency section */
		41F4D5A329972B4500328311 /* PBXTargetDependency */ = {
			isa = PBXTargetDependency;
			target = 41F4D58729972B4200328311 /* testNoStory */;
			targetProxy = 41F4D5A229972B4500328311 /* PBXContainerItemProxy */;
		};
		41F4D5AD29972B4500328311 /* PBXTargetDependency */ = {
			isa = PBXTargetDependency;
			target = 41F4D58729972B4200328311 /* testNoStory */;
			targetProxy = 41F4D5AC29972B4500328311 /* PBXContainerItemProxy */;
		};
/* End PBXTargetDependency section */

/* Begin PBXVariantGroup section */
		41F4D59129972B4300328311 /* Main.storyboard */ = {
			isa = PBXVariantGroup;
			children = (
				41F4D59229972B4300328311 /* Base */,
			);
			name = Main.storyboard;
			sourceTree = "<group>";
		};
		41F4D59929972B4500328311 /* LaunchScreen.storyboard */ = {
			isa = PBXVariantGroup;
			children = (
				41F4D59A29972B4500328311 /* Base */,
			);
			name = LaunchScreen.storyboard;
			sourceTree = "<group>";
		};
/* End PBXVariantGroup section */

/* Begin XCBuildConfiguration section */
		41F4D5B329972B4500328311 /* Debug */ = {
			isa = XCBuildConfiguration;
			buildSettings = {
				ALWAYS_SEARCH_USER_PATHS = NO;
				CLANG_ANALYZER_NONNULL = YES;
				CLANG_ANALYZER_NUMBER_OBJECT_CONVERSION = YES_AGGRESSIVE;
				CLANG_CXX_LANGUAGE_STANDARD = "gnu++20";
				CLANG_ENABLE_MODULES = YES;
				CLANG_ENABLE_OBJC_ARC = YES;
				CLANG_ENABLE_OBJC_WEAK = YES;
				CLANG_WARN_BLOCK_CAPTURE_AUTORELEASING = YES;
				CLANG_WARN_BOOL_CONVERSION = YES;
				CLANG_WARN_COMMA = YES;
				CLANG_WARN_CONSTANT_CONVERSION = YES;
				CLANG_WARN_DEPRECATED_OBJC_IMPLEMENTATIONS = YES;
				CLANG_WARN_DIRECT_OBJC_ISA_USAGE = YES_ERROR;
				CLANG_WARN_DOCUMENTATION_COMMENTS = YES;
				CLANG_WARN_EMPTY_BODY = YES;
				CLANG_WARN_ENUM_CONVERSION = YES;
				CLANG_WARN_INFINITE_RECURSION = YES;
				CLANG_WARN_INT_CONVERSION = YES;
				CLANG_WARN_NON_LITERAL_NULL_CONVERSION = YES;
				CLANG_WARN_OBJC_IMPLICIT_RETAIN_SELF = YES;
				CLANG_WARN_OBJC_LITERAL_CONVERSION = YES;
				CLANG_WARN_OBJC_ROOT_CLASS = YES_ERROR;
				CLANG_WARN_QUOTED_INCLUDE_IN_FRAMEWORK_HEADER = YES;
				CLANG_WARN_RANGE_LOOP_ANALYSIS = YES;
				CLANG_WARN_STRICT_PROTOTYPES = YES;
				CLANG_WARN_SUSPICIOUS_MOVE = YES;
				CLANG_WARN_UNGUARDED_AVAILABILITY = YES_AGGRESSIVE;
				CLANG_WARN_UNREACHABLE_CODE = YES;
				CLANG_WARN__DUPLICATE_METHOD_MATCH = YES;
				COPY_PHASE_STRIP = NO;
				DEBUG_INFORMATION_FORMAT = dwarf;
				ENABLE_STRICT_OBJC_MSGSEND = YES;
				ENABLE_TESTABILITY = YES;
				GCC_C_LANGUAGE_STANDARD = gnu11;
				GCC_DYNAMIC_NO_PIC = NO;
				GCC_NO_COMMON_BLOCKS = YES;
				GCC_OPTIMIZATION_LEVEL = 0;
				GCC_PREPROCESSOR_DEFINITIONS = (
					"DEBUG=1",
					"$(inherited)",
				);
				GCC_WARN_64_TO_32_BIT_CONVERSION = YES;
				GCC_WARN_ABOUT_RETURN_TYPE = YES_ERROR;
				GCC_WARN_UNDECLARED_SELECTOR = YES;
				GCC_WARN_UNINITIALIZED_AUTOS = YES_AGGRESSIVE;
				GCC_WARN_UNUSED_FUNCTION = YES;
				GCC_WARN_UNUSED_VARIABLE = YES;
				IPHONEOS_DEPLOYMENT_TARGET = 16.2;
				MTL_ENABLE_DEBUG_INFO = INCLUDE_SOURCE;
				MTL_FAST_MATH = YES;
				ONLY_ACTIVE_ARCH = YES;
				SDKROOT = iphoneos;
				SWIFT_ACTIVE_COMPILATION_CONDITIONS = DEBUG;
				SWIFT_OPTIMIZATION_LEVEL = "-Onone";
			};
			name = Debug;
		};
		41F4D5B429972B4500328311 /* Release */ = {
			isa = XCBuildConfiguration;
			buildSettings = {
				ALWAYS_SEARCH_USER_PATHS = NO;
				CLANG_ANALYZER_NONNULL = YES;
				CLANG_ANALYZER_NUMBER_OBJECT_CONVERSION = YES_AGGRESSIVE;
				CLANG_CXX_LANGUAGE_STANDARD = "gnu++20";
				CLANG_ENABLE_MODULES = YES;
				CLANG_ENABLE_OBJC_ARC = YES;
				CLANG_ENABLE_OBJC_WEAK = YES;
				CLANG_WARN_BLOCK_CAPTURE_AUTORELEASING = YES;
				CLANG_WARN_BOOL_CONVERSION = YES;
				CLANG_WARN_COMMA = YES;
				CLANG_WARN_CONSTANT_CONVERSION = YES;
				CLANG_WARN_DEPRECATED_OBJC_IMPLEMENTATIONS = YES;
				CLANG_WARN_DIRECT_OBJC_ISA_USAGE = YES_ERROR;
				CLANG_WARN_DOCUMENTATION_COMMENTS = YES;
				CLANG_WARN_EMPTY_BODY = YES;
				CLANG_WARN_ENUM_CONVERSION = YES;
				CLANG_WARN_INFINITE_RECURSION = YES;
				CLANG_WARN_INT_CONVERSION = YES;
				CLANG_WARN_NON_LITERAL_NULL_CONVERSION = YES;
				CLANG_WARN_OBJC_IMPLICIT_RETAIN_SELF = YES;
				CLANG_WARN_OBJC_LITERAL_CONVERSION = YES;
				CLANG_WARN_OBJC_ROOT_CLASS = YES_ERROR;
				CLANG_WARN_QUOTED_INCLUDE_IN_FRAMEWORK_HEADER = YES;
				CLANG_WARN_RANGE_LOOP_ANALYSIS = YES;
				CLANG_WARN_STRICT_PROTOTYPES = YES;
				CLANG_WARN_SUSPICIOUS_MOVE = YES;
				CLANG_WARN_UNGUARDED_AVAILABILITY = YES_AGGRESSIVE;
				CLANG_WARN_UNREACHABLE_CODE = YES;
				CLANG_WARN__DUPLICATE_METHOD_MATCH = YES;
				COPY_PHASE_STRIP = NO;
				DEBUG_INFORMATION_FORMAT = "dwarf-with-dsym";
				ENABLE_NS_ASSERTIONS = NO;
				ENABLE_STRICT_OBJC_MSGSEND = YES;
				GCC_C_LANGUAGE_STANDARD = gnu11;
				GCC_NO_COMMON_BLOCKS = YES;
				GCC_WARN_64_TO_32_BIT_CONVERSION = YES;
				GCC_WARN_ABOUT_RETURN_TYPE = YES_ERROR;
				GCC_WARN_UNDECLARED_SELECTOR = YES;
				GCC_WARN_UNINITIALIZED_AUTOS = YES_AGGRESSIVE;
				GCC_WARN_UNUSED_FUNCTION = YES;
				GCC_WARN_UNUSED_VARIABLE = YES;
				IPHONEOS_DEPLOYMENT_TARGET = 16.2;
				MTL_ENABLE_DEBUG_INFO = NO;
				MTL_FAST_MATH = YES;
				SDKROOT = iphoneos;
				SWIFT_COMPILATION_MODE = wholemodule;
				SWIFT_OPTIMIZATION_LEVEL = "-O";
				VALIDATE_PRODUCT = YES;
			};
			name = Release;
		};
		41F4D5B629972B4500328311 /* Debug */ = {
			isa = XCBuildConfiguration;
			buildSettings = {
				ASSETCATALOG_COMPILER_APPICON_NAME = AppIcon;
				ASSETCATALOG_COMPILER_GLOBAL_ACCENT_COLOR_NAME = AccentColor;
				CODE_SIGN_STYLE = Automatic;
				CURRENT_PROJECT_VERSION = 1;
				DEVELOPMENT_TEAM = 54W9FFP8UU;
				GENERATE_INFOPLIST_FILE = YES;
				INFOPLIST_FILE = testNoStory/Info.plist;
				INFOPLIST_KEY_UIApplicationSupportsIndirectInputEvents = YES;
				INFOPLIST_KEY_UILaunchStoryboardName = LaunchScreen;
				INFOPLIST_KEY_UIMainStoryboardFile = Main;
				INFOPLIST_KEY_UISupportedInterfaceOrientations_iPad = "UIInterfaceOrientationPortrait UIInterfaceOrientationPortraitUpsideDown UIInterfaceOrientationLandscapeLeft UIInterfaceOrientationLandscapeRight";
				INFOPLIST_KEY_UISupportedInterfaceOrientations_iPhone = "UIInterfaceOrientationPortrait UIInterfaceOrientationLandscapeLeft UIInterfaceOrientationLandscapeRight";
				LD_RUNPATH_SEARCH_PATHS = (
					"$(inherited)",
					"@executable_path/Frameworks",
				);
				MARKETING_VERSION = 1.0;
				PRODUCT_BUNDLE_IDENTIFIER = com.avdTest01.testNoStory;
				PRODUCT_NAME = "$(TARGET_NAME)";
				SWIFT_EMIT_LOC_STRINGS = YES;
				SWIFT_VERSION = 5.0;
				TARGETED_DEVICE_FAMILY = "1,2";
			};
			name = Debug;
		};
		41F4D5B729972B4500328311 /* Release */ = {
			isa = XCBuildConfiguration;
			buildSettings = {
				ASSETCATALOG_COMPILER_APPICON_NAME = AppIcon;
				ASSETCATALOG_COMPILER_GLOBAL_ACCENT_COLOR_NAME = AccentColor;
				CODE_SIGN_STYLE = Automatic;
				CURRENT_PROJECT_VERSION = 1;
				DEVELOPMENT_TEAM = 54W9FFP8UU;
				GENERATE_INFOPLIST_FILE = YES;
				INFOPLIST_FILE = testNoStory/Info.plist;
				INFOPLIST_KEY_UIApplicationSupportsIndirectInputEvents = YES;
				INFOPLIST_KEY_UILaunchStoryboardName = LaunchScreen;
				INFOPLIST_KEY_UIMainStoryboardFile = Main;
				INFOPLIST_KEY_UISupportedInterfaceOrientations_iPad = "UIInterfaceOrientationPortrait UIInterfaceOrientationPortraitUpsideDown UIInterfaceOrientationLandscapeLeft UIInterfaceOrientationLandscapeRight";
				INFOPLIST_KEY_UISupportedInterfaceOrientations_iPhone = "UIInterfaceOrientationPortrait UIInterfaceOrientationLandscapeLeft UIInterfaceOrientationLandscapeRight";
				LD_RUNPATH_SEARCH_PATHS = (
					"$(inherited)",
					"@executable_path/Frameworks",
				);
				MARKETING_VERSION = 1.0;
				PRODUCT_BUNDLE_IDENTIFIER = com.avdTest01.testNoStory;
				PRODUCT_NAME = "$(TARGET_NAME)";
				SWIFT_EMIT_LOC_STRINGS = YES;
				SWIFT_VERSION = 5.0;
				TARGETED_DEVICE_FAMILY = "1,2";
			};
			name = Release;
		};
		41F4D5B929972B4500328311 /* Debug */ = {
			isa = XCBuildConfiguration;
			buildSettings = {
				ALWAYS_EMBED_SWIFT_STANDARD_LIBRARIES = YES;
				BUNDLE_LOADER = "$(TEST_HOST)";
				CODE_SIGN_STYLE = Automatic;
				CURRENT_PROJECT_VERSION = 1;
				DEVELOPMENT_TEAM = 54W9FFP8UU;
				GENERATE_INFOPLIST_FILE = YES;
				IPHONEOS_DEPLOYMENT_TARGET = 16.2;
				MARKETING_VERSION = 1.0;
				PRODUCT_BUNDLE_IDENTIFIER = com.avdTest01.testNoStoryTests;
				PRODUCT_NAME = "$(TARGET_NAME)";
				SWIFT_EMIT_LOC_STRINGS = NO;
				SWIFT_VERSION = 5.0;
				TARGETED_DEVICE_FAMILY = "1,2";
				TEST_HOST = "$(BUILT_PRODUCTS_DIR)/testNoStory.app/$(BUNDLE_EXECUTABLE_FOLDER_PATH)/testNoStory";
			};
			name = Debug;
		};
		41F4D5BA29972B4500328311 /* Release */ = {
			isa = XCBuildConfiguration;
			buildSettings = {
				ALWAYS_EMBED_SWIFT_STANDARD_LIBRARIES = YES;
				BUNDLE_LOADER = "$(TEST_HOST)";
				CODE_SIGN_STYLE = Automatic;
				CURRENT_PROJECT_VERSION = 1;
				DEVELOPMENT_TEAM = 54W9FFP8UU;
				GENERATE_INFOPLIST_FILE = YES;
				IPHONEOS_DEPLOYMENT_TARGET = 16.2;
				MARKETING_VERSION = 1.0;
				PRODUCT_BUNDLE_IDENTIFIER = com.avdTest01.testNoStoryTests;
				PRODUCT_NAME = "$(TARGET_NAME)";
				SWIFT_EMIT_LOC_STRINGS = NO;
				SWIFT_VERSION = 5.0;
				TARGETED_DEVICE_FAMILY = "1,2";
				TEST_HOST = "$(BUILT_PRODUCTS_DIR)/testNoStory.app/$(BUNDLE_EXECUTABLE_FOLDER_PATH)/testNoStory";
			};
			name = Release;
		};
		41F4D5BC29972B4500328311 /* Debug */ = {
			isa = XCBuildConfiguration;
			buildSettings = {
				ALWAYS_EMBED_SWIFT_STANDARD_LIBRARIES = YES;
				CODE_SIGN_STYLE = Automatic;
				CURRENT_PROJECT_VERSION = 1;
				DEVELOPMENT_TEAM = 54W9FFP8UU;
				GENERATE_INFOPLIST_FILE = YES;
				MARKETING_VERSION = 1.0;
				PRODUCT_BUNDLE_IDENTIFIER = com.avdTest01.testNoStoryUITests;
				PRODUCT_NAME = "$(TARGET_NAME)";
				SWIFT_EMIT_LOC_STRINGS = NO;
				SWIFT_VERSION = 5.0;
				TARGETED_DEVICE_FAMILY = "1,2";
				TEST_TARGET_NAME = testNoStory;
			};
			name = Debug;
		};
		41F4D5BD29972B4500328311 /* Release */ = {
			isa = XCBuildConfiguration;
			buildSettings = {
				ALWAYS_EMBED_SWIFT_STANDARD_LIBRARIES = YES;
				CODE_SIGN_STYLE = Automatic;
				CURRENT_PROJECT_VERSION = 1;
				DEVELOPMENT_TEAM = 54W9FFP8UU;
				GENERATE_INFOPLIST_FILE = YES;
				MARKETING_VERSION = 1.0;
				PRODUCT_BUNDLE_IDENTIFIER = com.avdTest01.testNoStoryUITests;
				PRODUCT_NAME = "$(TARGET_NAME)";
				SWIFT_EMIT_LOC_STRINGS = NO;
				SWIFT_VERSION = 5.0;
				TARGETED_DEVICE_FAMILY = "1,2";
				TEST_TARGET_NAME = testNoStory;
			};
			name = Release;
		};
/* End XCBuildConfiguration section */

/* Begin XCConfigurationList section */
		41F4D58329972B4200328311 /* Build configuration list for PBXProject "testNoStory" */ = {
			isa = XCConfigurationList;
			buildConfigurations = (
				41F4D5B329972B4500328311 /* Debug */,
				41F4D5B429972B4500328311 /* Release */,
			);
			defaultConfigurationIsVisible = 0;
			defaultConfigurationName = Release;
		};
		41F4D5B529972B4500328311 /* Build configuration list for PBXNativeTarget "testNoStory" */ = {
			isa = XCConfigurationList;
			buildConfigurations = (
				41F4D5B629972B4500328311 /* Debug */,
				41F4D5B729972B4500328311 /* Release */,
			);
			defaultConfigurationIsVisible = 0;
			defaultConfigurationName = Release;
		};
		41F4D5B829972B4500328311 /* Build configuration list for PBXNativeTarget "testNoStoryTests" */ = {
			isa = XCConfigurationList;
			buildConfigurations = (
				41F4D5B929972B4500328311 /* Debug */,
				41F4D5BA29972B4500328311 /* Release */,
			);
			defaultConfigurationIsVisible = 0;
			defaultConfigurationName = Release;
		};
		41F4D5BB29972B4500328311 /* Build configuration list for PBXNativeTarget "testNoStoryUITests" */ = {
			isa = XCConfigurationList;
			buildConfigurations = (
				41F4D5BC29972B4500328311 /* Debug */,
				41F4D5BD29972B4500328311 /* Release */,
			);
			defaultConfigurationIsVisible = 0;
			defaultConfigurationName = Release;
		};
/* End XCConfigurationList section */

/* Begin XCVersionGroup section */
		41F4D59429972B4300328311 /* testNoStory.xcdatamodeld */ = {
			isa = XCVersionGroup;
			children = (
				41F4D59529972B4300328311 /* testNoStory.xcdatamodel */,
			);
			currentVersion = 41F4D59529972B4300328311 /* testNoStory.xcdatamodel */;
			path = testNoStory.xcdatamodeld;
			sourceTree = "<group>";
			versionGroupType = wrapper.xcdatamodel;
		};
/* End XCVersionGroup section */
	};
	rootObject = 41F4D58029972B4200328311 /* Project object */;
}
